
Microsoft Visual Studio Solution File, Format Version 12.00
# Visual Studio 2012
Project("{8BC9CEB8-8B4A-11D0-8D11-00A0C91BC942}") = "DuplicateFileFinder", "DuplicateFileFinder\DuplicateFileFinder.vcxproj", "{013267E9-4BF7-4DB9-B01D-D9ED2FA42622}"
EndProject
Global
	GlobalSection(SolutionConfigurationPlatforms) = preSolution
		Debug|Win32 = Debug|Win32
		Release|Win32 = Release|Win32
	EndGlobalSection
	GlobalSection(ProjectConfigurationPlatforms) = postSolution
		{013267E9-4BF7-4DB9-B01D-D9ED2FA42622}.Debug|Win32.ActiveCfg = Debug|Win32
		{013267E9-4BF7-4DB9-B01D-D9ED2FA42622}.Debug|Win32.Build.0 = Debug|Win32
		{013267E9-4BF7-4DB9-B01D-D9ED2FA42622}.Release|Win32.ActiveCfg = Release|Win32
		{013267E9-4BF7-4DB9-B01D-D9ED2FA42622}.Release|Win32.Build.0 = Release|Win32
	EndGlobalSection
	GlobalSection(SolutionProperties) = preSolution
		HideSolutionNode = FALSE
	EndGlobalSection
EndGlobal
